// !$*UTF8*$!
{
	archiveVersion = 1;
	classes = {
	};
	objectVersion = 56;
	objects = {

/* Begin PBXBuildFile section */
		3C3762742912AC960018BC5E /* NIO in Frameworks */ = {isa = PBXBuildFile; productRef = 3C3762732912AC960018BC5E /* NIO */; };
		3C3762762912AC960018BC5E /* NIOConcurrencyHelpers in Frameworks */ = {isa = PBXBuildFile; productRef = 3C3762752912AC960018BC5E /* NIOConcurrencyHelpers */; };
		3C3762782912AC960018BC5E /* NIOFoundationCompat in Frameworks */ = {isa = PBXBuildFile; productRef = 3C3762772912AC960018BC5E /* NIOFoundationCompat */; };
		3C376291291301810018BC5E /* FileCreator.swift in Sources */ = {isa = PBXBuildFile; fileRef = 3C376290291301810018BC5E /* FileCreator.swift */; };
		3C3762932913F2640018BC5E /* CommandCreator.swift in Sources */ = {isa = PBXBuildFile; fileRef = 3C3762922913F2640018BC5E /* CommandCreator.swift */; };
		3CB6314D29114CB30098E040 /* LabServerApp.swift in Sources */ = {isa = PBXBuildFile; fileRef = 3CB6314C29114CB30098E040 /* LabServerApp.swift */; };
		3CB6314F29114CB30098E040 /* ContentView.swift in Sources */ = {isa = PBXBuildFile; fileRef = 3CB6314E29114CB30098E040 /* ContentView.swift */; };
		3CB6315129114CB60098E040 /* Assets.xcassets in Resources */ = {isa = PBXBuildFile; fileRef = 3CB6315029114CB60098E040 /* Assets.xcassets */; };
		3CB6315429114CB60098E040 /* Preview Assets.xcassets in Resources */ = {isa = PBXBuildFile; fileRef = 3CB6315329114CB60098E040 /* Preview Assets.xcassets */; };
		3CB6315F29114CB60098E040 /* LabServerTests.swift in Sources */ = {isa = PBXBuildFile; fileRef = 3CB6315E29114CB60098E040 /* LabServerTests.swift */; };
		3CB6316929114CB60098E040 /* LabServerUITests.swift in Sources */ = {isa = PBXBuildFile; fileRef = 3CB6316829114CB60098E040 /* LabServerUITests.swift */; };
		3CB6316B29114CB60098E040 /* LabServerUITestsLaunchTests.swift in Sources */ = {isa = PBXBuildFile; fileRef = 3CB6316A29114CB60098E040 /* LabServerUITestsLaunchTests.swift */; };
		3CB6317829114CEB0098E040 /* SocketServer.swift in Sources */ = {isa = PBXBuildFile; fileRef = 3CB6317729114CEB0098E040 /* SocketServer.swift */; };
		3CB6318329127D1F0098E040 /* DebugText.swift in Sources */ = {isa = PBXBuildFile; fileRef = 3CB6318229127D1F0098E040 /* DebugText.swift */; };
/* End PBXBuildFile section */

/* Begin PBXContainerItemProxy section */
		3CB6315B29114CB60098E040 /* PBXContainerItemProxy */ = {
			isa = PBXContainerItemProxy;
			containerPortal = 3CB6314129114CB30098E040 /* Project object */;
			proxyType = 1;
			remoteGlobalIDString = 3CB6314829114CB30098E040;
			remoteInfo = LabServer;
		};
		3CB6316529114CB60098E040 /* PBXContainerItemProxy */ = {
			isa = PBXContainerItemProxy;
			containerPortal = 3CB6314129114CB30098E040 /* Project object */;
			proxyType = 1;
			remoteGlobalIDString = 3CB6314829114CB30098E040;
			remoteInfo = LabServer;
		};
/* End PBXContainerItemProxy section */

/* Begin PBXFileReference section */
		3C376290291301810018BC5E /* FileCreator.swift */ = {isa = PBXFileReference; lastKnownFileType = sourcecode.swift; path = FileCreator.swift; sourceTree = "<group>"; };
		3C3762922913F2640018BC5E /* CommandCreator.swift */ = {isa = PBXFileReference; lastKnownFileType = sourcecode.swift; path = CommandCreator.swift; sourceTree = "<group>"; };
		3CB6314929114CB30098E040 /* LabServer.app */ = {isa = PBXFileReference; explicitFileType = wrapper.application; includeInIndex = 0; path = LabServer.app; sourceTree = BUILT_PRODUCTS_DIR; };
		3CB6314C29114CB30098E040 /* LabServerApp.swift */ = {isa = PBXFileReference; lastKnownFileType = sourcecode.swift; path = LabServerApp.swift; sourceTree = "<group>"; };
		3CB6314E29114CB30098E040 /* ContentView.swift */ = {isa = PBXFileReference; lastKnownFileType = sourcecode.swift; path = ContentView.swift; sourceTree = "<group>"; };
		3CB6315029114CB60098E040 /* Assets.xcassets */ = {isa = PBXFileReference; lastKnownFileType = folder.assetcatalog; path = Assets.xcassets; sourceTree = "<group>"; };
		3CB6315329114CB60098E040 /* Preview Assets.xcassets */ = {isa = PBXFileReference; lastKnownFileType = folder.assetcatalog; path = "Preview Assets.xcassets"; sourceTree = "<group>"; };
		3CB6315529114CB60098E040 /* LabServer.entitlements */ = {isa = PBXFileReference; lastKnownFileType = text.plist.entitlements; path = LabServer.entitlements; sourceTree = "<group>"; };
		3CB6315A29114CB60098E040 /* LabServerTests.xctest */ = {isa = PBXFileReference; explicitFileType = wrapper.cfbundle; includeInIndex = 0; path = LabServerTests.xctest; sourceTree = BUILT_PRODUCTS_DIR; };
		3CB6315E29114CB60098E040 /* LabServerTests.swift */ = {isa = PBXFileReference; lastKnownFileType = sourcecode.swift; path = LabServerTests.swift; sourceTree = "<group>"; };
		3CB6316429114CB60098E040 /* LabServerUITests.xctest */ = {isa = PBXFileReference; explicitFileType = wrapper.cfbundle; includeInIndex = 0; path = LabServerUITests.xctest; sourceTree = BUILT_PRODUCTS_DIR; };
		3CB6316829114CB60098E040 /* LabServerUITests.swift */ = {isa = PBXFileReference; lastKnownFileType = sourcecode.swift; path = LabServerUITests.swift; sourceTree = "<group>"; };
		3CB6316A29114CB60098E040 /* LabServerUITestsLaunchTests.swift */ = {isa = PBXFileReference; lastKnownFileType = sourcecode.swift; path = LabServerUITestsLaunchTests.swift; sourceTree = "<group>"; };
		3CB6317729114CEB0098E040 /* SocketServer.swift */ = {isa = PBXFileReference; lastKnownFileType = sourcecode.swift; path = SocketServer.swift; sourceTree = "<group>"; };
		3CB6318229127D1F0098E040 /* DebugText.swift */ = {isa = PBXFileReference; lastKnownFileType = sourcecode.swift; path = DebugText.swift; sourceTree = "<group>"; };
/* End PBXFileReference section */

/* Begin PBXFrameworksBuildPhase section */
		3CB6314629114CB30098E040 /* Frameworks */ = {
			isa = PBXFrameworksBuildPhase;
			buildActionMask = 2147483647;
			files = (
				3C3762742912AC960018BC5E /* NIO in Frameworks */,
				3C3762782912AC960018BC5E /* NIOFoundationCompat in Frameworks */,
				3C3762762912AC960018BC5E /* NIOConcurrencyHelpers in Frameworks */,
			);
			runOnlyForDeploymentPostprocessing = 0;
		};
		3CB6315729114CB60098E040 /* Frameworks */ = {
			isa = PBXFrameworksBuildPhase;
			buildActionMask = 2147483647;
			files = (
			);
			runOnlyForDeploymentPostprocessing = 0;
		};
		3CB6316129114CB60098E040 /* Frameworks */ = {
			isa = PBXFrameworksBuildPhase;
			buildActionMask = 2147483647;
			files = (
			);
			runOnlyForDeploymentPostprocessing = 0;
		};
/* End PBXFrameworksBuildPhase section */

/* Begin PBXGroup section */
		3CB6314029114CB30098E040 = {
			isa = PBXGroup;
			children = (
				3CB6314B29114CB30098E040 /* LabServer */,
				3CB6315D29114CB60098E040 /* LabServerTests */,
				3CB6316729114CB60098E040 /* LabServerUITests */,
				3CB6314A29114CB30098E040 /* Products */,
			);
			sourceTree = "<group>";
		};
		3CB6314A29114CB30098E040 /* Products */ = {
			isa = PBXGroup;
			children = (
				3CB6314929114CB30098E040 /* LabServer.app */,
				3CB6315A29114CB60098E040 /* LabServerTests.xctest */,
				3CB6316429114CB60098E040 /* LabServerUITests.xctest */,
			);
			name = Products;
			sourceTree = "<group>";
		};
		3CB6314B29114CB30098E040 /* LabServer */ = {
			isa = PBXGroup;
			children = (
				3CB6314C29114CB30098E040 /* LabServerApp.swift */,
				3CB6317729114CEB0098E040 /* SocketServer.swift */,
				3CB6314E29114CB30098E040 /* ContentView.swift */,
				3CB6318229127D1F0098E040 /* DebugText.swift */,
				3C3762922913F2640018BC5E /* CommandCreator.swift */,
				3C376290291301810018BC5E /* FileCreator.swift */,
				3CB6315029114CB60098E040 /* Assets.xcassets */,
				3CB6315529114CB60098E040 /* LabServer.entitlements */,
				3CB6315229114CB60098E040 /* Preview Content */,
			);
			path = LabServer;
			sourceTree = "<group>";
		};
		3CB6315229114CB60098E040 /* Preview Content */ = {
			isa = PBXGroup;
			children = (
				3CB6315329114CB60098E040 /* Preview Assets.xcassets */,
			);
			path = "Preview Content";
			sourceTree = "<group>";
		};
		3CB6315D29114CB60098E040 /* LabServerTests */ = {
			isa = PBXGroup;
			children = (
				3CB6315E29114CB60098E040 /* LabServerTests.swift */,
			);
			path = LabServerTests;
			sourceTree = "<group>";
		};
		3CB6316729114CB60098E040 /* LabServerUITests */ = {
			isa = PBXGroup;
			children = (
				3CB6316829114CB60098E040 /* LabServerUITests.swift */,
				3CB6316A29114CB60098E040 /* LabServerUITestsLaunchTests.swift */,
			);
			path = LabServerUITests;
			sourceTree = "<group>";
		};
/* End PBXGroup section */

/* Begin PBXNativeTarget section */
		3CB6314829114CB30098E040 /* LabServer */ = {
			isa = PBXNativeTarget;
			buildConfigurationList = 3CB6316E29114CB60098E040 /* Build configuration list for PBXNativeTarget "LabServer" */;
			buildPhases = (
				3CB6314529114CB30098E040 /* Sources */,
				3CB6314629114CB30098E040 /* Frameworks */,
				3CB6314729114CB30098E040 /* Resources */,
			);
			buildRules = (
			);
			dependencies = (
			);
			name = LabServer;
			packageProductDependencies = (
				3C3762732912AC960018BC5E /* NIO */,
				3C3762752912AC960018BC5E /* NIOConcurrencyHelpers */,
				3C3762772912AC960018BC5E /* NIOFoundationCompat */,
			);
			productName = LabServer;
			productReference = 3CB6314929114CB30098E040 /* LabServer.app */;
			productType = "com.apple.product-type.application";
		};
		3CB6315929114CB60098E040 /* LabServerTests */ = {
			isa = PBXNativeTarget;
			buildConfigurationList = 3CB6317129114CB60098E040 /* Build configuration list for PBXNativeTarget "LabServerTests" */;
			buildPhases = (
				3CB6315629114CB60098E040 /* Sources */,
				3CB6315729114CB60098E040 /* Frameworks */,
				3CB6315829114CB60098E040 /* Resources */,
			);
			buildRules = (
			);
			dependencies = (
				3CB6315C29114CB60098E040 /* PBXTargetDependency */,
			);
			name = LabServerTests;
			productName = LabServerTests;
			productReference = 3CB6315A29114CB60098E040 /* LabServerTests.xctest */;
			productType = "com.apple.product-type.bundle.unit-test";
		};
		3CB6316329114CB60098E040 /* LabServerUITests */ = {
			isa = PBXNativeTarget;
			buildConfigurationList = 3CB6317429114CB60098E040 /* Build configuration list for PBXNativeTarget "LabServerUITests" */;
			buildPhases = (
				3CB6316029114CB60098E040 /* Sources */,
				3CB6316129114CB60098E040 /* Frameworks */,
				3CB6316229114CB60098E040 /* Resources */,
			);
			buildRules = (
			);
			dependencies = (
				3CB6316629114CB60098E040 /* PBXTargetDependency */,
			);
			name = LabServerUITests;
			productName = LabServerUITests;
			productReference = 3CB6316429114CB60098E040 /* LabServerUITests.xctest */;
			productType = "com.apple.product-type.bundle.ui-testing";
		};
/* End PBXNativeTarget section */

/* Begin PBXProject section */
		3CB6314129114CB30098E040 /* Project object */ = {
			isa = PBXProject;
			attributes = {
				BuildIndependentTargetsInParallel = 1;
				LastSwiftUpdateCheck = 1400;
				LastUpgradeCheck = 1410;
				TargetAttributes = {
					3CB6314829114CB30098E040 = {
						CreatedOnToolsVersion = 14.0.1;
					};
					3CB6315929114CB60098E040 = {
						CreatedOnToolsVersion = 14.0.1;
						TestTargetID = 3CB6314829114CB30098E040;
					};
					3CB6316329114CB60098E040 = {
						CreatedOnToolsVersion = 14.0.1;
						TestTargetID = 3CB6314829114CB30098E040;
					};
				};
			};
			buildConfigurationList = 3CB6314429114CB30098E040 /* Build configuration list for PBXProject "LabServer" */;
			compatibilityVersion = "Xcode 14.0";
			developmentRegion = en;
			hasScannedForEncodings = 0;
			knownRegions = (
				en,
				Base,
			);
			mainGroup = 3CB6314029114CB30098E040;
			packageReferences = (
				3C3762722912AC960018BC5E /* XCRemoteSwiftPackageReference "swift-nio" */,
			);
			productRefGroup = 3CB6314A29114CB30098E040 /* Products */;
			projectDirPath = "";
			projectRoot = "";
			targets = (
				3CB6314829114CB30098E040 /* LabServer */,
				3CB6315929114CB60098E040 /* LabServerTests */,
				3CB6316329114CB60098E040 /* LabServerUITests */,
			);
		};
/* End PBXProject section */

/* Begin PBXResourcesBuildPhase section */
		3CB6314729114CB30098E040 /* Resources */ = {
			isa = PBXResourcesBuildPhase;
			buildActionMask = 2147483647;
			files = (
				3CB6315429114CB60098E040 /* Preview Assets.xcassets in Resources */,
				3CB6315129114CB60098E040 /* Assets.xcassets in Resources */,
			);
			runOnlyForDeploymentPostprocessing = 0;
		};
		3CB6315829114CB60098E040 /* Resources */ = {
			isa = PBXResourcesBuildPhase;
			buildActionMask = 2147483647;
			files = (
			);
			runOnlyForDeploymentPostprocessing = 0;
		};
		3CB6316229114CB60098E040 /* Resources */ = {
			isa = PBXResourcesBuildPhase;
			buildActionMask = 2147483647;
			files = (
			);
			runOnlyForDeploymentPostprocessing = 0;
		};
/* End PBXResourcesBuildPhase section */

/* Begin PBXSourcesBuildPhase section */
		3CB6314529114CB30098E040 /* Sources */ = {
			isa = PBXSourcesBuildPhase;
			buildActionMask = 2147483647;
			files = (
				3C376291291301810018BC5E /* FileCreator.swift in Sources */,
				3CB6317829114CEB0098E040 /* SocketServer.swift in Sources */,
				3CB6318329127D1F0098E040 /* DebugText.swift in Sources */,
				3C3762932913F2640018BC5E /* CommandCreator.swift in Sources */,
				3CB6314F29114CB30098E040 /* ContentView.swift in Sources */,
				3CB6314D29114CB30098E040 /* LabServerApp.swift in Sources */,
			);
			runOnlyForDeploymentPostprocessing = 0;
		};
		3CB6315629114CB60098E040 /* Sources */ = {
			isa = PBXSourcesBuildPhase;
			buildActionMask = 2147483647;
			files = (
				3CB6315F29114CB60098E040 /* LabServerTests.swift in Sources */,
			);
			runOnlyForDeploymentPostprocessing = 0;
		};
		3CB6316029114CB60098E040 /* Sources */ = {
			isa = PBXSourcesBuildPhase;
			buildActionMask = 2147483647;
			files = (
				3CB6316929114CB60098E040 /* LabServerUITests.swift in Sources */,
				3CB6316B29114CB60098E040 /* LabServerUITestsLaunchTests.swift in Sources */,
			);
			runOnlyForDeploymentPostprocessing = 0;
		};
/* End PBXSourcesBuildPhase section */

/* Begin PBXTargetDependency section */
		3CB6315C29114CB60098E040 /* PBXTargetDependency */ = {
			isa = PBXTargetDependency;
			target = 3CB6314829114CB30098E040 /* LabServer */;
			targetProxy = 3CB6315B29114CB60098E040 /* PBXContainerItemProxy */;
		};
		3CB6316629114CB60098E040 /* PBXTargetDependency */ = {
			isa = PBXTargetDependency;
			target = 3CB6314829114CB30098E040 /* LabServer */;
			targetProxy = 3CB6316529114CB60098E040 /* PBXContainerItemProxy */;
		};
/* End PBXTargetDependency section */

/* Begin XCBuildConfiguration section */
		3CB6316C29114CB60098E040 /* Debug */ = {
			isa = XCBuildConfiguration;
			buildSettings = {
				ALWAYS_SEARCH_USER_PATHS = NO;
				CLANG_ANALYZER_NONNULL = YES;
				CLANG_ANALYZER_NUMBER_OBJECT_CONVERSION = YES_AGGRESSIVE;
				CLANG_CXX_LANGUAGE_STANDARD = "gnu++20";
				CLANG_ENABLE_MODULES = YES;
				CLANG_ENABLE_OBJC_ARC = YES;
				CLANG_ENABLE_OBJC_WEAK = YES;
				CLANG_WARN_BLOCK_CAPTURE_AUTORELEASING = YES;
				CLANG_WARN_BOOL_CONVERSION = YES;
				CLANG_WARN_COMMA = YES;
				CLANG_WARN_CONSTANT_CONVERSION = YES;
				CLANG_WARN_DEPRECATED_OBJC_IMPLEMENTATIONS = YES;
				CLANG_WARN_DIRECT_OBJC_ISA_USAGE = YES_ERROR;
				CLANG_WARN_DOCUMENTATION_COMMENTS = YES;
				CLANG_WARN_EMPTY_BODY = YES;
				CLANG_WARN_ENUM_CONVERSION = YES;
				CLANG_WARN_INFINITE_RECURSION = YES;
				CLANG_WARN_INT_CONVERSION = YES;
				CLANG_WARN_NON_LITERAL_NULL_CONVERSION = YES;
				CLANG_WARN_OBJC_IMPLICIT_RETAIN_SELF = YES;
				CLANG_WARN_OBJC_LITERAL_CONVERSION = YES;
				CLANG_WARN_OBJC_ROOT_CLASS = YES_ERROR;
				CLANG_WARN_QUOTED_INCLUDE_IN_FRAMEWORK_HEADER = YES;
				CLANG_WARN_RANGE_LOOP_ANALYSIS = YES;
				CLANG_WARN_STRICT_PROTOTYPES = YES;
				CLANG_WARN_SUSPICIOUS_MOVE = YES;
				CLANG_WARN_UNGUARDED_AVAILABILITY = YES_AGGRESSIVE;
				CLANG_WARN_UNREACHABLE_CODE = YES;
				CLANG_WARN__DUPLICATE_METHOD_MATCH = YES;
				COPY_PHASE_STRIP = NO;
				DEAD_CODE_STRIPPING = YES;
				DEBUG_INFORMATION_FORMAT = dwarf;
				ENABLE_STRICT_OBJC_MSGSEND = YES;
				ENABLE_TESTABILITY = YES;
				GCC_C_LANGUAGE_STANDARD = gnu11;
				GCC_DYNAMIC_NO_PIC = NO;
				GCC_NO_COMMON_BLOCKS = YES;
				GCC_OPTIMIZATION_LEVEL = 0;
				GCC_PREPROCESSOR_DEFINITIONS = (
					"DEBUG=1",
					"$(inherited)",
				);
				GCC_WARN_64_TO_32_BIT_CONVERSION = YES;
				GCC_WARN_ABOUT_RETURN_TYPE = YES_ERROR;
				GCC_WARN_UNDECLARED_SELECTOR = YES;
				GCC_WARN_UNINITIALIZED_AUTOS = YES_AGGRESSIVE;
				GCC_WARN_UNUSED_FUNCTION = YES;
				GCC_WARN_UNUSED_VARIABLE = YES;
				MACOSX_DEPLOYMENT_TARGET = 12.3;
				MTL_ENABLE_DEBUG_INFO = INCLUDE_SOURCE;
				MTL_FAST_MATH = YES;
				ONLY_ACTIVE_ARCH = YES;
				SDKROOT = macosx;
				SWIFT_ACTIVE_COMPILATION_CONDITIONS = DEBUG;
				SWIFT_OPTIMIZATION_LEVEL = "-Onone";
			};
			name = Debug;
		};
		3CB6316D29114CB60098E040 /* Release */ = {
			isa = XCBuildConfiguration;
			buildSettings = {
				ALWAYS_SEARCH_USER_PATHS = NO;
				CLANG_ANALYZER_NONNULL = YES;
				CLANG_ANALYZER_NUMBER_OBJECT_CONVERSION = YES_AGGRESSIVE;
				CLANG_CXX_LANGUAGE_STANDARD = "gnu++20";
				CLANG_ENABLE_MODULES = YES;
				CLANG_ENABLE_OBJC_ARC = YES;
				CLANG_ENABLE_OBJC_WEAK = YES;
				CLANG_WARN_BLOCK_CAPTURE_AUTORELEASING = YES;
				CLANG_WARN_BOOL_CONVERSION = YES;
				CLANG_WARN_COMMA = YES;
				CLANG_WARN_CONSTANT_CONVERSION = YES;
				CLANG_WARN_DEPRECATED_OBJC_IMPLEMENTATIONS = YES;
				CLANG_WARN_DIRECT_OBJC_ISA_USAGE = YES_ERROR;
				CLANG_WARN_DOCUMENTATION_COMMENTS = YES;
				CLANG_WARN_EMPTY_BODY = YES;
				CLANG_WARN_ENUM_CONVERSION = YES;
				CLANG_WARN_INFINITE_RECURSION = YES;
				CLANG_WARN_INT_CONVERSION = YES;
				CLANG_WARN_NON_LITERAL_NULL_CONVERSION = YES;
				CLANG_WARN_OBJC_IMPLICIT_RETAIN_SELF = YES;
				CLANG_WARN_OBJC_LITERAL_CONVERSION = YES;
				CLANG_WARN_OBJC_ROOT_CLASS = YES_ERROR;
				CLANG_WARN_QUOTED_INCLUDE_IN_FRAMEWORK_HEADER = YES;
				CLANG_WARN_RANGE_LOOP_ANALYSIS = YES;
				CLANG_WARN_STRICT_PROTOTYPES = YES;
				CLANG_WARN_SUSPICIOUS_MOVE = YES;
				CLANG_WARN_UNGUARDED_AVAILABILITY = YES_AGGRESSIVE;
				CLANG_WARN_UNREACHABLE_CODE = YES;
				CLANG_WARN__DUPLICATE_METHOD_MATCH = YES;
				COPY_PHASE_STRIP = NO;
				DEAD_CODE_STRIPPING = YES;
				DEBUG_INFORMATION_FORMAT = "dwarf-with-dsym";
				ENABLE_NS_ASSERTIONS = NO;
				ENABLE_STRICT_OBJC_MSGSEND = YES;
				GCC_C_LANGUAGE_STANDARD = gnu11;
				GCC_NO_COMMON_BLOCKS = YES;
				GCC_WARN_64_TO_32_BIT_CONVERSION = YES;
				GCC_WARN_ABOUT_RETURN_TYPE = YES_ERROR;
				GCC_WARN_UNDECLARED_SELECTOR = YES;
				GCC_WARN_UNINITIALIZED_AUTOS = YES_AGGRESSIVE;
				GCC_WARN_UNUSED_FUNCTION = YES;
				GCC_WARN_UNUSED_VARIABLE = YES;
				MACOSX_DEPLOYMENT_TARGET = 12.3;
				MTL_ENABLE_DEBUG_INFO = NO;
				MTL_FAST_MATH = YES;
				SDKROOT = macosx;
				SWIFT_COMPILATION_MODE = wholemodule;
				SWIFT_OPTIMIZATION_LEVEL = "-O";
			};
			name = Release;
		};
		3CB6316F29114CB60098E040 /* Debug */ = {
			isa = XCBuildConfiguration;
			buildSettings = {
				ASSETCATALOG_COMPILER_APPICON_NAME = AppIcon;
				ASSETCATALOG_COMPILER_GLOBAL_ACCENT_COLOR_NAME = AccentColor;
				CODE_SIGN_ENTITLEMENTS = LabServer/LabServer.entitlements;
				CODE_SIGN_IDENTITY = "-";
				CODE_SIGN_STYLE = Automatic;
				COMBINE_HIDPI_IMAGES = YES;
				CURRENT_PROJECT_VERSION = 1;
				DEAD_CODE_STRIPPING = YES;
				DEVELOPMENT_ASSET_PATHS = "\"LabServer/Preview Content\"";
				DEVELOPMENT_TEAM = FSTARA262Y;
				ENABLE_HARDENED_RUNTIME = YES;
				ENABLE_PREVIEWS = YES;
				GENERATE_INFOPLIST_FILE = YES;
				INFOPLIST_KEY_NSHumanReadableCopyright = "";
				LD_RUNPATH_SEARCH_PATHS = (
					"$(inherited)",
					"@executable_path/../Frameworks",
				);
				MARKETING_VERSION = 1.0;
				PRODUCT_BUNDLE_IDENTIFIER = h.LabServer;
				PRODUCT_NAME = "$(TARGET_NAME)";
				SWIFT_EMIT_LOC_STRINGS = YES;
				SWIFT_VERSION = 5.0;
			};
			name = Debug;
		};
		3CB6317029114CB60098E040 /* Release */ = {
			isa = XCBuildConfiguration;
			buildSettings = {
				ASSETCATALOG_COMPILER_APPICON_NAME = AppIcon;
				ASSETCATALOG_COMPILER_GLOBAL_ACCENT_COLOR_NAME = AccentColor;
				CODE_SIGN_ENTITLEMENTS = LabServer/LabServer.entitlements;
				CODE_SIGN_IDENTITY = "-";
				CODE_SIGN_STYLE = Automatic;
				COMBINE_HIDPI_IMAGES = YES;
				CURRENT_PROJECT_VERSION = 1;
				DEAD_CODE_STRIPPING = YES;
				DEVELOPMENT_ASSET_PATHS = "\"LabServer/Preview Content\"";
				DEVELOPMENT_TEAM = FSTARA262Y;
				ENABLE_HARDENED_RUNTIME = YES;
				ENABLE_PREVIEWS = YES;
				GENERATE_INFOPLIST_FILE = YES;
				INFOPLIST_KEY_NSHumanReadableCopyright = "";
				LD_RUNPATH_SEARCH_PATHS = (
					"$(inherited)",
					"@executable_path/../Frameworks",
				);
				MARKETING_VERSION = 1.0;
				PRODUCT_BUNDLE_IDENTIFIER = h.LabServer;
				PRODUCT_NAME = "$(TARGET_NAME)";
				SWIFT_EMIT_LOC_STRINGS = YES;
				SWIFT_VERSION = 5.0;
			};
			name = Release;
		};
		3CB6317229114CB60098E040 /* Debug */ = {
			isa = XCBuildConfiguration;
			buildSettings = {
				ALWAYS_EMBED_SWIFT_STANDARD_LIBRARIES = YES;
				BUNDLE_LOADER = "$(TEST_HOST)";
				CODE_SIGN_STYLE = Automatic;
				CURRENT_PROJECT_VERSION = 1;
				DEAD_CODE_STRIPPING = YES;
				DEVELOPMENT_TEAM = FSTARA262Y;
				GENERATE_INFOPLIST_FILE = YES;
				MACOSX_DEPLOYMENT_TARGET = 12.3;
				MARKETING_VERSION = 1.0;
				PRODUCT_BUNDLE_IDENTIFIER = h.LabServerTests;
				PRODUCT_NAME = "$(TARGET_NAME)";
				SWIFT_EMIT_LOC_STRINGS = NO;
				SWIFT_VERSION = 5.0;
				TEST_HOST = "$(BUILT_PRODUCTS_DIR)/LabServer.app/$(BUNDLE_EXECUTABLE_FOLDER_PATH)/LabServer";
			};
			name = Debug;
		};
		3CB6317329114CB60098E040 /* Release */ = {
			isa = XCBuildConfiguration;
			buildSettings = {
				ALWAYS_EMBED_SWIFT_STANDARD_LIBRARIES = YES;
				BUNDLE_LOADER = "$(TEST_HOST)";
				CODE_SIGN_STYLE = Automatic;
				CURRENT_PROJECT_VERSION = 1;
				DEAD_CODE_STRIPPING = YES;
				DEVELOPMENT_TEAM = FSTARA262Y;
				GENERATE_INFOPLIST_FILE = YES;
				MACOSX_DEPLOYMENT_TARGET = 12.3;
				MARKETING_VERSION = 1.0;
				PRODUCT_BUNDLE_IDENTIFIER = h.LabServerTests;
				PRODUCT_NAME = "$(TARGET_NAME)";
				SWIFT_EMIT_LOC_STRINGS = NO;
				SWIFT_VERSION = 5.0;
				TEST_HOST = "$(BUILT_PRODUCTS_DIR)/LabServer.app/$(BUNDLE_EXECUTABLE_FOLDER_PATH)/LabServer";
			};
			name = Release;
		};
		3CB6317529114CB60098E040 /* Debug */ = {
			isa = XCBuildConfiguration;
			buildSettings = {
				ALWAYS_EMBED_SWIFT_STANDARD_LIBRARIES = YES;
				CODE_SIGN_STYLE = Automatic;
				CURRENT_PROJECT_VERSION = 1;
				DEAD_CODE_STRIPPING = YES;
				DEVELOPMENT_TEAM = FSTARA262Y;
				GENERATE_INFOPLIST_FILE = YES;
				MARKETING_VERSION = 1.0;
				PRODUCT_BUNDLE_IDENTIFIER = h.LabServerUITests;
				PRODUCT_NAME = "$(TARGET_NAME)";
				SWIFT_EMIT_LOC_STRINGS = NO;
				SWIFT_VERSION = 5.0;
				TEST_TARGET_NAME = LabServer;
			};
			name = Debug;
		};
		3CB6317629114CB60098E040 /* Release */ = {
			isa = XCBuildConfiguration;
			buildSettings = {
				ALWAYS_EMBED_SWIFT_STANDARD_LIBRARIES = YES;
				CODE_SIGN_STYLE = Automatic;
				CURRENT_PROJECT_VERSION = 1;
				DEAD_CODE_STRIPPING = YES;
				DEVELOPMENT_TEAM = FSTARA262Y;
				GENERATE_INFOPLIST_FILE = YES;
				MARKETING_VERSION = 1.0;
				PRODUCT_BUNDLE_IDENTIFIER = h.LabServerUITests;
				PRODUCT_NAME = "$(TARGET_NAME)";
				SWIFT_EMIT_LOC_STRINGS = NO;
				SWIFT_VERSION = 5.0;
				TEST_TARGET_NAME = LabServer;
			};
			name = Release;
		};
/* End XCBuildConfiguration section */

/* Begin XCConfigurationList section */
		3CB6314429114CB30098E040 /* Build configuration list for PBXProject "LabServer" */ = {
			isa = XCConfigurationList;
			buildConfigurations = (
				3CB6316C29114CB60098E040 /* Debug */,
				3CB6316D29114CB60098E040 /* Release */,
			);
			defaultConfigurationIsVisible = 0;
			defaultConfigurationName = Release;
		};
		3CB6316E29114CB60098E040 /* Build configuration list for PBXNativeTarget "LabServer" */ = {
			isa = XCConfigurationList;
			buildConfigurations = (
				3CB6316F29114CB60098E040 /* Debug */,
				3CB6317029114CB60098E040 /* Release */,
			);
			defaultConfigurationIsVisible = 0;
			defaultConfigurationName = Release;
		};
		3CB6317129114CB60098E040 /* Build configuration list for PBXNativeTarget "LabServerTests" */ = {
			isa = XCConfigurationList;
			buildConfigurations = (
				3CB6317229114CB60098E040 /* Debug */,
				3CB6317329114CB60098E040 /* Release */,
			);
			defaultConfigurationIsVisible = 0;
			defaultConfigurationName = Release;
		};
		3CB6317429114CB60098E040 /* Build configuration list for PBXNativeTarget "LabServerUITests" */ = {
			isa = XCConfigurationList;
			buildConfigurations = (
				3CB6317529114CB60098E040 /* Debug */,
				3CB6317629114CB60098E040 /* Release */,
			);
			defaultConfigurationIsVisible = 0;
			defaultConfigurationName = Release;
		};
/* End XCConfigurationList section */

/* Begin XCRemoteSwiftPackageReference section */
		3C3762722912AC960018BC5E /* XCRemoteSwiftPackageReference "swift-nio" */ = {
			isa = XCRemoteSwiftPackageReference;
			repositoryURL = "https://github.com/apple/swift-nio.git";
			requirement = {
				kind = upToNextMajorVersion;
				minimumVersion = 2.0.0;
			};
		};
/* End XCRemoteSwiftPackageReference section */

/* Begin XCSwiftPackageProductDependency section */
		3C3762732912AC960018BC5E /* NIO */ = {
			isa = XCSwiftPackageProductDependency;
			package = 3C3762722912AC960018BC5E /* XCRemoteSwiftPackageReference "swift-nio" */;
			productName = NIO;
		};
		3C3762752912AC960018BC5E /* NIOConcurrencyHelpers */ = {
			isa = XCSwiftPackageProductDependency;
			package = 3C3762722912AC960018BC5E /* XCRemoteSwiftPackageReference "swift-nio" */;
			productName = NIOConcurrencyHelpers;
		};
		3C3762772912AC960018BC5E /* NIOFoundationCompat */ = {
			isa = XCSwiftPackageProductDependency;
			package = 3C3762722912AC960018BC5E /* XCRemoteSwiftPackageReference "swift-nio" */;
			productName = NIOFoundationCompat;
		};
/* End XCSwiftPackageProductDependency section */
	};
	rootObject = 3CB6314129114CB30098E040 /* Project object */;
}
